
Microsoft Visual Studio Solution File, Format Version 12.00
# Visual Studio Version 17
VisualStudioVersion = 17.9.34728.123
MinimumVisualStudioVersion = 10.0.40219.1
Project("{9A19103F-16F7-4668-BE54-9A1E7A4F7556}") = "DotNetTask.API", "DotNetTask.API\DotNetTask.API.csproj", "{644EB545-D559-4260-887D-43CC882C96D4}"
EndProject
Project("{FAE04EC0-301F-11D3-BF4B-00C04F79EFBC}") = "DotNetTask.Data", "DotNetTask.Data\DotNetTask.Data.csproj", "{2B167570-89D7-4208-B617-54E2C1AD760E}"
EndProject
Global
	GlobalSection(SolutionConfigurationPlatforms) = preSolution
		Debug|Any CPU = Debug|Any CPU
		Release|Any CPU = Release|Any CPU
	EndGlobalSection
	GlobalSection(ProjectConfigurationPlatforms) = postSolution
		{644EB545-D559-4260-887D-43CC882C96D4}.Debug|Any CPU.ActiveCfg = Debug|Any CPU
		{644EB545-D559-4260-887D-43CC882C96D4}.Debug|Any CPU.Build.0 = Debug|Any CPU
		{644EB545-D559-4260-887D-43CC882C96D4}.Release|Any CPU.ActiveCfg = Release|Any CPU
		{644EB545-D559-4260-887D-43CC882C96D4}.Release|Any CPU.Build.0 = Release|Any CPU
		{2B167570-89D7-4208-B617-54E2C1AD760E}.Debug|Any CPU.ActiveCfg = Debug|Any CPU
		{2B167570-89D7-4208-B617-54E2C1AD760E}.Debug|Any CPU.Build.0 = Debug|Any CPU
		{2B167570-89D7-4208-B617-54E2C1AD760E}.Release|Any CPU.ActiveCfg = Release|Any CPU
		{2B167570-89D7-4208-B617-54E2C1AD760E}.Release|Any CPU.Build.0 = Release|Any CPU
	EndGlobalSection
	GlobalSection(SolutionProperties) = preSolution
		HideSolutionNode = FALSE
	EndGlobalSection
	GlobalSection(ExtensibilityGlobals) = postSolution
		SolutionGuid = {5DB02DBF-CB5F-448D-9802-739E779CD0A2}
	EndGlobalSection
EndGlobal
